
Microsoft Visual Studio Solution File, Format Version 12.00
# Visual Studio 2012
Project("{8BC9CEB8-8B4A-11D0-8D11-00A0C91BC942}") = "OHClient", "OHClient\OHClient.vcxproj", "{3CB9D6DB-976D-419D-95A3-05EB7CCBCB0A}"
EndProject
Project("{8BC9CEB8-8B4A-11D0-8D11-00A0C91BC942}") = "OHDll", "OHDll\OHDll.vcxproj", "{D31F5F69-553A-4A6B-A146-35F933B64DB4}"
EndProject
Project("{8BC9CEB8-8B4A-11D0-8D11-00A0C91BC942}") = "Cfg", "Cfg\Cfg.vcxproj", "{AE006269-71BE-42E1-B13E-B07DE08A7890}"
EndProject
Project("{8BC9CEB8-8B4A-11D0-8D11-00A0C91BC942}") = "CfgPrsr", "CfgPrsr\CfgPrsr.vcxproj", "{4D1EBEAB-0F8E-4A40-9735-F5323C11C560}"
EndProject
Project("{8BC9CEB8-8B4A-11D0-8D11-00A0C91BC942}") = "CfgWrtr", "CfgWrtr\CfgWrtr.vcxproj", "{34977816-3B44-42FD-B949-A77C4CFCC851}"
EndProject
Project("{8BC9CEB8-8B4A-11D0-8D11-00A0C91BC942}") = "Messenger", "Messenger\Messenger.vcxproj", "{85E36AED-922F-4612-BA3C-0490FEC86ADC}"
EndProject
Project("{8BC9CEB8-8B4A-11D0-8D11-00A0C91BC942}") = "Msg", "Msg\Msg.vcxproj", "{9DA77D29-1608-44E1-97D5-F1B08409101C}"
EndProject
Project("{8BC9CEB8-8B4A-11D0-8D11-00A0C91BC942}") = "TCPClient", "TCPClient\TCPClient.vcxproj", "{511F3F74-D256-48A4-B613-8AC2D3595002}"
EndProject
Project("{8BC9CEB8-8B4A-11D0-8D11-00A0C91BC942}") = "TCPCom", "TCPCom\TCPCom.vcxproj", "{E758404A-1896-4F96-B03C-A717E245C88F}"
EndProject
Project("{8BC9CEB8-8B4A-11D0-8D11-00A0C91BC942}") = "TCPServer", "TCPServer\TCPServer.vcxproj", "{232C7994-3AF0-4537-8E1C-6E5E76A5EE30}"
EndProject
Project("{8BC9CEB8-8B4A-11D0-8D11-00A0C91BC942}") = "OHDLL", "OHDLL1\OHDLL1.vcxproj", "{DE2E9B3B-7D9D-468E-91C4-65EFCB17F70B}"
EndProject
Project("{8BC9CEB8-8B4A-11D0-8D11-00A0C91BC942}") = "TCPClientDLL", "TCPClientDLL\TCPClientDLL.vcxproj", "{B83EAE53-A59D-4BA2-A940-469254A524E3}"
EndProject
Global
	GlobalSection(SolutionConfigurationPlatforms) = preSolution
		Debug|Win32 = Debug|Win32
		Release|Win32 = Release|Win32
	EndGlobalSection
	GlobalSection(ProjectConfigurationPlatforms) = postSolution
		{3CB9D6DB-976D-419D-95A3-05EB7CCBCB0A}.Debug|Win32.ActiveCfg = Debug|Win32
		{3CB9D6DB-976D-419D-95A3-05EB7CCBCB0A}.Debug|Win32.Build.0 = Debug|Win32
		{3CB9D6DB-976D-419D-95A3-05EB7CCBCB0A}.Release|Win32.ActiveCfg = Release|Win32
		{3CB9D6DB-976D-419D-95A3-05EB7CCBCB0A}.Release|Win32.Build.0 = Release|Win32
		{D31F5F69-553A-4A6B-A146-35F933B64DB4}.Debug|Win32.ActiveCfg = Debug|Win32
		{D31F5F69-553A-4A6B-A146-35F933B64DB4}.Debug|Win32.Build.0 = Debug|Win32
		{D31F5F69-553A-4A6B-A146-35F933B64DB4}.Release|Win32.ActiveCfg = Release|Win32
		{D31F5F69-553A-4A6B-A146-35F933B64DB4}.Release|Win32.Build.0 = Release|Win32
		{AE006269-71BE-42E1-B13E-B07DE08A7890}.Debug|Win32.ActiveCfg = Debug|Win32
		{AE006269-71BE-42E1-B13E-B07DE08A7890}.Debug|Win32.Build.0 = Debug|Win32
		{AE006269-71BE-42E1-B13E-B07DE08A7890}.Release|Win32.ActiveCfg = Release|Win32
		{AE006269-71BE-42E1-B13E-B07DE08A7890}.Release|Win32.Build.0 = Release|Win32
		{4D1EBEAB-0F8E-4A40-9735-F5323C11C560}.Debug|Win32.ActiveCfg = Debug|Win32
		{4D1EBEAB-0F8E-4A40-9735-F5323C11C560}.Debug|Win32.Build.0 = Debug|Win32
		{4D1EBEAB-0F8E-4A40-9735-F5323C11C560}.Release|Win32.ActiveCfg = Release|Win32
		{4D1EBEAB-0F8E-4A40-9735-F5323C11C560}.Release|Win32.Build.0 = Release|Win32
		{34977816-3B44-42FD-B949-A77C4CFCC851}.Debug|Win32.ActiveCfg = Debug|Win32
		{34977816-3B44-42FD-B949-A77C4CFCC851}.Debug|Win32.Build.0 = Debug|Win32
		{34977816-3B44-42FD-B949-A77C4CFCC851}.Release|Win32.ActiveCfg = Release|Win32
		{34977816-3B44-42FD-B949-A77C4CFCC851}.Release|Win32.Build.0 = Release|Win32
		{85E36AED-922F-4612-BA3C-0490FEC86ADC}.Debug|Win32.ActiveCfg = Debug|Win32
		{85E36AED-922F-4612-BA3C-0490FEC86ADC}.Debug|Win32.Build.0 = Debug|Win32
		{85E36AED-922F-4612-BA3C-0490FEC86ADC}.Release|Win32.ActiveCfg = Release|Win32
		{85E36AED-922F-4612-BA3C-0490FEC86ADC}.Release|Win32.Build.0 = Release|Win32
		{9DA77D29-1608-44E1-97D5-F1B08409101C}.Debug|Win32.ActiveCfg = Debug|Win32
		{9DA77D29-1608-44E1-97D5-F1B08409101C}.Debug|Win32.Build.0 = Debug|Win32
		{9DA77D29-1608-44E1-97D5-F1B08409101C}.Release|Win32.ActiveCfg = Release|Win32
		{9DA77D29-1608-44E1-97D5-F1B08409101C}.Release|Win32.Build.0 = Release|Win32
		{511F3F74-D256-48A4-B613-8AC2D3595002}.Debug|Win32.ActiveCfg = Debug|Win32
		{511F3F74-D256-48A4-B613-8AC2D3595002}.Debug|Win32.Build.0 = Debug|Win32
		{511F3F74-D256-48A4-B613-8AC2D3595002}.Release|Win32.ActiveCfg = Release|Win32
		{511F3F74-D256-48A4-B613-8AC2D3595002}.Release|Win32.Build.0 = Release|Win32
		{E758404A-1896-4F96-B03C-A717E245C88F}.Debug|Win32.ActiveCfg = Debug|Win32
		{E758404A-1896-4F96-B03C-A717E245C88F}.Debug|Win32.Build.0 = Debug|Win32
		{E758404A-1896-4F96-B03C-A717E245C88F}.Release|Win32.ActiveCfg = Release|Win32
		{E758404A-1896-4F96-B03C-A717E245C88F}.Release|Win32.Build.0 = Release|Win32
		{232C7994-3AF0-4537-8E1C-6E5E76A5EE30}.Debug|Win32.ActiveCfg = Debug|Win32
		{232C7994-3AF0-4537-8E1C-6E5E76A5EE30}.Debug|Win32.Build.0 = Debug|Win32
		{232C7994-3AF0-4537-8E1C-6E5E76A5EE30}.Release|Win32.ActiveCfg = Release|Win32
		{232C7994-3AF0-4537-8E1C-6E5E76A5EE30}.Release|Win32.Build.0 = Release|Win32
		{DE2E9B3B-7D9D-468E-91C4-65EFCB17F70B}.Debug|Win32.ActiveCfg = Debug|Win32
		{DE2E9B3B-7D9D-468E-91C4-65EFCB17F70B}.Debug|Win32.Build.0 = Debug|Win32
		{DE2E9B3B-7D9D-468E-91C4-65EFCB17F70B}.Release|Win32.ActiveCfg = Release|Win32
		{DE2E9B3B-7D9D-468E-91C4-65EFCB17F70B}.Release|Win32.Build.0 = Release|Win32
		{B83EAE53-A59D-4BA2-A940-469254A524E3}.Debug|Win32.ActiveCfg = Debug|Win32
		{B83EAE53-A59D-4BA2-A940-469254A524E3}.Debug|Win32.Build.0 = Debug|Win32
		{B83EAE53-A59D-4BA2-A940-469254A524E3}.Release|Win32.ActiveCfg = Release|Win32
		{B83EAE53-A59D-4BA2-A940-469254A524E3}.Release|Win32.Build.0 = Release|Win32
	EndGlobalSection
	GlobalSection(SolutionProperties) = preSolution
		HideSolutionNode = FALSE
	EndGlobalSection
EndGlobal
